// !$*UTF8*$!
{
	archiveVersion = 1;
	classes = {
	};
	objectVersion = 55;
	objects = {

/* Begin PBXBuildFile section */
		1105D0E9272D689E008559B4 /* not_found.json in Resources */ = {isa = PBXBuildFile; fileRef = 1105D0E7272D689E008559B4 /* not_found.json */; };
		1105D0EA272D689E008559B4 /* loading.json in Resources */ = {isa = PBXBuildFile; fileRef = 1105D0E8272D689E008559B4 /* loading.json */; };
		1105D0ED272D6949008559B4 /* LottieView.swift in Sources */ = {isa = PBXBuildFile; fileRef = 1105D0EC272D6949008559B4 /* LottieView.swift */; };
		1105D0EF272D699F008559B4 /* LoadingView.swift in Sources */ = {isa = PBXBuildFile; fileRef = 1105D0EE272D699F008559B4 /* LoadingView.swift */; };
		1105D0F1272DA4F0008559B4 /* TVSerieRepository.swift in Sources */ = {isa = PBXBuildFile; fileRef = 1105D0F0272DA4F0008559B4 /* TVSerieRepository.swift */; };
		1105D0F4272DA5B2008559B4 /* TVSerieViewModel.swift in Sources */ = {isa = PBXBuildFile; fileRef = 1105D0F3272DA5B2008559B4 /* TVSerieViewModel.swift */; };
		112B81C727318CA900D55F6A /* Localizable.strings in Resources */ = {isa = PBXBuildFile; fileRef = 112B81C627318CA900D55F6A /* Localizable.strings */; };
		112B81C927318CE100D55F6A /* Intro.swift in Sources */ = {isa = PBXBuildFile; fileRef = 112B81C827318CE100D55F6A /* Intro.swift */; };
		113F7BD5272CA58B003BA1D9 /* ServerManager.swift in Sources */ = {isa = PBXBuildFile; fileRef = 113F7BD4272CA58A003BA1D9 /* ServerManager.swift */; };
		113F7BD7272CB62C003BA1D9 /* HomeViewModel.swift in Sources */ = {isa = PBXBuildFile; fileRef = 113F7BD6272CB62C003BA1D9 /* HomeViewModel.swift */; };
		113F7BD9272CB6A5003BA1D9 /* HomeRepository.swift in Sources */ = {isa = PBXBuildFile; fileRef = 113F7BD8272CB6A5003BA1D9 /* HomeRepository.swift */; };
		113F7BDC272CBA12003BA1D9 /* ConfigurationManager.swift in Sources */ = {isa = PBXBuildFile; fileRef = 113F7BDB272CBA12003BA1D9 /* ConfigurationManager.swift */; };
		113F7BDF272CBA41003BA1D9 /* ConfigReader.swift in Sources */ = {isa = PBXBuildFile; fileRef = 113F7BDE272CBA41003BA1D9 /* ConfigReader.swift */; };
		113F7BE2272CBA7B003BA1D9 /* Configuration.plist in Resources */ = {isa = PBXBuildFile; fileRef = 113F7BE1272CBA7B003BA1D9 /* Configuration.plist */; };
		113F7BE4272CD2AD003BA1D9 /* MovieViewModel.swift in Sources */ = {isa = PBXBuildFile; fileRef = 113F7BE3272CD2AD003BA1D9 /* MovieViewModel.swift */; };
		113F7BE7272CD402003BA1D9 /* MovieRepository.swift in Sources */ = {isa = PBXBuildFile; fileRef = 113F7BE6272CD402003BA1D9 /* MovieRepository.swift */; };
		113F7BE9272CDC18003BA1D9 /* CountryCard.swift in Sources */ = {isa = PBXBuildFile; fileRef = 113F7BE8272CDC18003BA1D9 /* CountryCard.swift */; };
		115E475C273ED32A0056A5DC /* ManageCategories.swift in Sources */ = {isa = PBXBuildFile; fileRef = 115E475B273ED32A0056A5DC /* ManageCategories.swift */; };
		115E475E273F046F0056A5DC /* People.swift in Sources */ = {isa = PBXBuildFile; fileRef = 115E475D273F046F0056A5DC /* People.swift */; };
		115E4760273F0BD90056A5DC /* PeopleCard.swift in Sources */ = {isa = PBXBuildFile; fileRef = 115E475F273F0BD90056A5DC /* PeopleCard.swift */; };
		115E4762273F0CF70056A5DC /* PeopleView.swift in Sources */ = {isa = PBXBuildFile; fileRef = 115E4761273F0CF70056A5DC /* PeopleView.swift */; };
		115E4766273F11DE0056A5DC /* PeopleDetailsView.swift in Sources */ = {isa = PBXBuildFile; fileRef = 115E4765273F11DE0056A5DC /* PeopleDetailsView.swift */; };
		115E4769273F146F0056A5DC /* KnownForView.swift in Sources */ = {isa = PBXBuildFile; fileRef = 115E4768273F146F0056A5DC /* KnownForView.swift */; };
		115E476C273F14F00056A5DC /* KnowForCard.swift in Sources */ = {isa = PBXBuildFile; fileRef = 115E476B273F14F00056A5DC /* KnowForCard.swift */; };
		115E476F273F18C80056A5DC /* LocalManager.swift in Sources */ = {isa = PBXBuildFile; fileRef = 115E476E273F18C80056A5DC /* LocalManager.swift */; };
		115E4771273F4C630056A5DC /* PeopleStorage.swift in Sources */ = {isa = PBXBuildFile; fileRef = 115E4770273F4C630056A5DC /* PeopleStorage.swift */; };
		115E4774273F4E520056A5DC /* MovieQuery.swift in Sources */ = {isa = PBXBuildFile; fileRef = 115E4773273F4E520056A5DC /* MovieQuery.swift */; };
		115E4778273F4F310056A5DC /* ManageModels.swift in Sources */ = {isa = PBXBuildFile; fileRef = 115E4777273F4F310056A5DC /* ManageModels.swift */; };
		115EAB8D273C7FD70010461E /* ScrollContentView.swift in Sources */ = {isa = PBXBuildFile; fileRef = 115EAB8C273C7FD70010461E /* ScrollContentView.swift */; };
		115EAB8F273C833B0010461E /* MoviesView.swift in Sources */ = {isa = PBXBuildFile; fileRef = 115EAB8E273C833B0010461E /* MoviesView.swift */; };
		115EAB91273C83B30010461E /* TVSeriesView.swift in Sources */ = {isa = PBXBuildFile; fileRef = 115EAB90273C83B30010461E /* TVSeriesView.swift */; };
		117799C3272AA72C000C9742 /* AppDelegate.swift in Sources */ = {isa = PBXBuildFile; fileRef = 117799C2272AA72C000C9742 /* AppDelegate.swift */; };
		117799C5272AA72C000C9742 /* SceneDelegate.swift in Sources */ = {isa = PBXBuildFile; fileRef = 117799C4272AA72C000C9742 /* SceneDelegate.swift */; };
		117799CC272AA72F000C9742 /* Assets.xcassets in Resources */ = {isa = PBXBuildFile; fileRef = 117799CB272AA72F000C9742 /* Assets.xcassets */; };
		117799CF272AA72F000C9742 /* LaunchScreen.storyboard in Resources */ = {isa = PBXBuildFile; fileRef = 117799CD272AA72F000C9742 /* LaunchScreen.storyboard */; };
		117799DA272AA730000C9742 /* Rappi_WatchTests.swift in Sources */ = {isa = PBXBuildFile; fileRef = 117799D9272AA730000C9742 /* Rappi_WatchTests.swift */; };
		117799E4272AA730000C9742 /* Rappi_WatchUITests.swift in Sources */ = {isa = PBXBuildFile; fileRef = 117799E3272AA730000C9742 /* Rappi_WatchUITests.swift */; };
		117799E6272AA730000C9742 /* Rappi_WatchUITestsLaunchTests.swift in Sources */ = {isa = PBXBuildFile; fileRef = 117799E5272AA730000C9742 /* Rappi_WatchUITestsLaunchTests.swift */; };
		117799FC272AAEF3000C9742 /* LaunchScreenUI.swift in Sources */ = {isa = PBXBuildFile; fileRef = 117799FB272AAEF3000C9742 /* LaunchScreenUI.swift */; };
		117799FE272AAF46000C9742 /* OnboardingView.swift in Sources */ = {isa = PBXBuildFile; fileRef = 117799FD272AAF46000C9742 /* OnboardingView.swift */; };
		11779A00272AAF96000C9742 /* PageControl.swift in Sources */ = {isa = PBXBuildFile; fileRef = 117799FF272AAF96000C9742 /* PageControl.swift */; };
		11779A03272AB01C000C9742 /* Utils.swift in Sources */ = {isa = PBXBuildFile; fileRef = 11779A02272AB01C000C9742 /* Utils.swift */; };
		11779A05272AB047000C9742 /* BlurView.swift in Sources */ = {isa = PBXBuildFile; fileRef = 11779A04272AB047000C9742 /* BlurView.swift */; };
		11779A07272AB079000C9742 /* MeView.swift in Sources */ = {isa = PBXBuildFile; fileRef = 11779A06272AB079000C9742 /* MeView.swift */; };
		11779A21272AB499000C9742 /* CompanyCard.swift in Sources */ = {isa = PBXBuildFile; fileRef = 11779A20272AB499000C9742 /* CompanyCard.swift */; };
		11779A24272AB4E1000C9742 /* HeaderView.swift in Sources */ = {isa = PBXBuildFile; fileRef = 11779A23272AB4E1000C9742 /* HeaderView.swift */; };
		11779A26272AB500000C9742 /* CustomButton.swift in Sources */ = {isa = PBXBuildFile; fileRef = 11779A25272AB500000C9742 /* CustomButton.swift */; };
		11779A28272AB520000C9742 /* SideButtonsView.swift in Sources */ = {isa = PBXBuildFile; fileRef = 11779A27272AB520000C9742 /* SideButtonsView.swift */; };
		11779A2B272AB556000C9742 /* RingView.swift in Sources */ = {isa = PBXBuildFile; fileRef = 11779A2A272AB556000C9742 /* RingView.swift */; };
		11779A2D272AB5F3000C9742 /* RatingStartView.swift in Sources */ = {isa = PBXBuildFile; fileRef = 11779A2C272AB5F3000C9742 /* RatingStartView.swift */; };
		11779A2F272AB610000C9742 /* BarChartView.swift in Sources */ = {isa = PBXBuildFile; fileRef = 11779A2E272AB610000C9742 /* BarChartView.swift */; };
		11779A31272AB666000C9742 /* RootController.swift in Sources */ = {isa = PBXBuildFile; fileRef = 11779A30272AB666000C9742 /* RootController.swift */; };
		11779A33272AB6DC000C9742 /* Movie.swift in Sources */ = {isa = PBXBuildFile; fileRef = 11779A32272AB6DC000C9742 /* Movie.swift */; };
		11779A35272AB6EC000C9742 /* MovieDetail.swift in Sources */ = {isa = PBXBuildFile; fileRef = 11779A34272AB6EC000C9742 /* MovieDetail.swift */; };
		11779A3B272AB7A4000C9742 /* CompaniesView.swift in Sources */ = {isa = PBXBuildFile; fileRef = 11779A3A272AB7A4000C9742 /* CompaniesView.swift */; };
		11779A3D272AB7BD000C9742 /* TopDetailsView.swift in Sources */ = {isa = PBXBuildFile; fileRef = 11779A3C272AB7BD000C9742 /* TopDetailsView.swift */; };
		11779A3F272AB7DF000C9742 /* AnalitycsView.swift in Sources */ = {isa = PBXBuildFile; fileRef = 11779A3E272AB7DF000C9742 /* AnalitycsView.swift */; };
		11779A41272AB84F000C9742 /* TVSerie.swift in Sources */ = {isa = PBXBuildFile; fileRef = 11779A40272AB84F000C9742 /* TVSerie.swift */; };
		11779A43272AB85B000C9742 /* TVSerieDetail.swift in Sources */ = {isa = PBXBuildFile; fileRef = 11779A42272AB85B000C9742 /* TVSerieDetail.swift */; };
		1192D211272BECB800CD6216 /* TVSerieDetailsView.swift in Sources */ = {isa = PBXBuildFile; fileRef = 1192D210272BECB800CD6216 /* TVSerieDetailsView.swift */; };
		1192D213272BF72E00CD6216 /* GenreCard.swift in Sources */ = {isa = PBXBuildFile; fileRef = 1192D212272BF72E00CD6216 /* GenreCard.swift */; };
		1192D215272BF7D900CD6216 /* SeasonCard.swift in Sources */ = {isa = PBXBuildFile; fileRef = 1192D214272BF7D900CD6216 /* SeasonCard.swift */; };
		1192D217272BF96800CD6216 /* CreatorCard.swift in Sources */ = {isa = PBXBuildFile; fileRef = 1192D216272BF96800CD6216 /* CreatorCard.swift */; };
		1192D219272BFE9700CD6216 /* TVSerieCard.swift in Sources */ = {isa = PBXBuildFile; fileRef = 1192D218272BFE9700CD6216 /* TVSerieCard.swift */; };
		1192D21B272C07A800CD6216 /* SeasonsView.swift in Sources */ = {isa = PBXBuildFile; fileRef = 1192D21A272C07A800CD6216 /* SeasonsView.swift */; };
		1192D21D272C07E800CD6216 /* CreatorsView.swift in Sources */ = {isa = PBXBuildFile; fileRef = 1192D21C272C07E800CD6216 /* CreatorsView.swift */; };
		1192D21F272C088000CD6216 /* NetworksView.swift in Sources */ = {isa = PBXBuildFile; fileRef = 1192D21E272C088000CD6216 /* NetworksView.swift */; };
		1192D221272C0AD000CD6216 /* CountriesView.swift in Sources */ = {isa = PBXBuildFile; fileRef = 1192D220272C0AD000CD6216 /* CountriesView.swift */; };
		11B01AB627306C8500ECB838 /* TVSerieStorage.swift in Sources */ = {isa = PBXBuildFile; fileRef = 11B01AB527306C8400ECB838 /* TVSerieStorage.swift */; };
		11C9767E27304043008C566D /* ServerError.swift in Sources */ = {isa = PBXBuildFile; fileRef = 11C9767D27304043008C566D /* ServerError.swift */; };
		11C9768027304415008C566D /* ReachabilityManager.swift in Sources */ = {isa = PBXBuildFile; fileRef = 11C9767F27304415008C566D /* ReachabilityManager.swift */; };
		11C9768327304B7F008C566D /* MovieStorage.swift in Sources */ = {isa = PBXBuildFile; fileRef = 11C9768227304B7F008C566D /* MovieStorage.swift */; };
		11D82FB6272EEDE1003BBDAD /* LoadMoreButton.swift in Sources */ = {isa = PBXBuildFile; fileRef = 11D82FB5272EEDE1003BBDAD /* LoadMoreButton.swift */; };
		11DACA34272AC7D800AABAB8 /* MovieDetailsView.swift in Sources */ = {isa = PBXBuildFile; fileRef = 11DACA33272AC7D800AABAB8 /* MovieDetailsView.swift */; };
		11DACA36272AC83900AABAB8 /* HomeView.swift in Sources */ = {isa = PBXBuildFile; fileRef = 11DACA35272AC83900AABAB8 /* HomeView.swift */; };
		11DACA38272AC94B00AABAB8 /* MovieCard.swift in Sources */ = {isa = PBXBuildFile; fileRef = 11DACA37272AC94B00AABAB8 /* MovieCard.swift */; };
		206CA2A683844174B5BC9DA8 /* Pods_Rappi_Watch.framework in Frameworks */ = {isa = PBXBuildFile; fileRef = EBE5B2ADEEF5D59BC39B4324 /* Pods_Rappi_Watch.framework */; };
		872A0202FDC46CBF81D6CFD7 /* Pods_Rappi_WatchTests.framework in Frameworks */ = {isa = PBXBuildFile; fileRef = E3CCFB32DD5DD127471051EC /* Pods_Rappi_WatchTests.framework */; };
		DA206A59FB772A041A566CB9 /* Pods_Rappi_Watch_Rappi_WatchUITests.framework in Frameworks */ = {isa = PBXBuildFile; fileRef = ECCAEB03A240F3EF1AA75B95 /* Pods_Rappi_Watch_Rappi_WatchUITests.framework */; };
/* End PBXBuildFile section */

/* Begin PBXContainerItemProxy section */
		117799D6272AA72F000C9742 /* PBXContainerItemProxy */ = {
			isa = PBXContainerItemProxy;
			containerPortal = 117799B7272AA72C000C9742 /* Project object */;
			proxyType = 1;
			remoteGlobalIDString = 117799BE272AA72C000C9742;
			remoteInfo = "Rappi Watch";
		};
		117799E0272AA730000C9742 /* PBXContainerItemProxy */ = {
			isa = PBXContainerItemProxy;
			containerPortal = 117799B7272AA72C000C9742 /* Project object */;
			proxyType = 1;
			remoteGlobalIDString = 117799BE272AA72C000C9742;
			remoteInfo = "Rappi Watch";
		};
/* End PBXContainerItemProxy section */

/* Begin PBXFileReference section */
		1105D0E7272D689E008559B4 /* not_found.json */ = {isa = PBXFileReference; fileEncoding = 4; lastKnownFileType = text.json; path = not_found.json; sourceTree = "<group>"; };
		1105D0E8272D689E008559B4 /* loading.json */ = {isa = PBXFileReference; fileEncoding = 4; lastKnownFileType = text.json; path = loading.json; sourceTree = "<group>"; };
		1105D0EC272D6949008559B4 /* LottieView.swift */ = {isa = PBXFileReference; lastKnownFileType = sourcecode.swift; path = LottieView.swift; sourceTree = "<group>"; };
		1105D0EE272D699F008559B4 /* LoadingView.swift */ = {isa = PBXFileReference; lastKnownFileType = sourcecode.swift; path = LoadingView.swift; sourceTree = "<group>"; };
		1105D0F0272DA4F0008559B4 /* TVSerieRepository.swift */ = {isa = PBXFileReference; lastKnownFileType = sourcecode.swift; path = TVSerieRepository.swift; sourceTree = "<group>"; };
		1105D0F3272DA5B2008559B4 /* TVSerieViewModel.swift */ = {isa = PBXFileReference; lastKnownFileType = sourcecode.swift; path = TVSerieViewModel.swift; sourceTree = "<group>"; };
		112B81C627318CA900D55F6A /* Localizable.strings */ = {isa = PBXFileReference; lastKnownFileType = text.plist.strings; path = Localizable.strings; sourceTree = "<group>"; };
		112B81C827318CE100D55F6A /* Intro.swift */ = {isa = PBXFileReference; lastKnownFileType = sourcecode.swift; path = Intro.swift; sourceTree = "<group>"; };
		113F7BD4272CA58A003BA1D9 /* ServerManager.swift */ = {isa = PBXFileReference; lastKnownFileType = sourcecode.swift; path = ServerManager.swift; sourceTree = "<group>"; };
		113F7BD6272CB62C003BA1D9 /* HomeViewModel.swift */ = {isa = PBXFileReference; lastKnownFileType = sourcecode.swift; path = HomeViewModel.swift; sourceTree = "<group>"; };
		113F7BD8272CB6A5003BA1D9 /* HomeRepository.swift */ = {isa = PBXFileReference; lastKnownFileType = sourcecode.swift; path = HomeRepository.swift; sourceTree = "<group>"; };
		113F7BDB272CBA12003BA1D9 /* ConfigurationManager.swift */ = {isa = PBXFileReference; lastKnownFileType = sourcecode.swift; path = ConfigurationManager.swift; sourceTree = "<group>"; };
		113F7BDE272CBA41003BA1D9 /* ConfigReader.swift */ = {isa = PBXFileReference; lastKnownFileType = sourcecode.swift; path = ConfigReader.swift; sourceTree = "<group>"; };
		113F7BE1272CBA7B003BA1D9 /* Configuration.plist */ = {isa = PBXFileReference; lastKnownFileType = text.plist.xml; path = Configuration.plist; sourceTree = "<group>"; };
		113F7BE3272CD2AD003BA1D9 /* MovieViewModel.swift */ = {isa = PBXFileReference; lastKnownFileType = sourcecode.swift; path = MovieViewModel.swift; sourceTree = "<group>"; };
		113F7BE6272CD402003BA1D9 /* MovieRepository.swift */ = {isa = PBXFileReference; lastKnownFileType = sourcecode.swift; path = MovieRepository.swift; sourceTree = "<group>"; };
		113F7BE8272CDC18003BA1D9 /* CountryCard.swift */ = {isa = PBXFileReference; lastKnownFileType = sourcecode.swift; path = CountryCard.swift; sourceTree = "<group>"; };
		115E475B273ED32A0056A5DC /* ManageCategories.swift */ = {isa = PBXFileReference; lastKnownFileType = sourcecode.swift; path = ManageCategories.swift; sourceTree = "<group>"; };
		115E475D273F046F0056A5DC /* People.swift */ = {isa = PBXFileReference; lastKnownFileType = sourcecode.swift; path = People.swift; sourceTree = "<group>"; };
		115E475F273F0BD90056A5DC /* PeopleCard.swift */ = {isa = PBXFileReference; lastKnownFileType = sourcecode.swift; path = PeopleCard.swift; sourceTree = "<group>"; };
		115E4761273F0CF70056A5DC /* PeopleView.swift */ = {isa = PBXFileReference; lastKnownFileType = sourcecode.swift; path = PeopleView.swift; sourceTree = "<group>"; };
		115E4765273F11DE0056A5DC /* PeopleDetailsView.swift */ = {isa = PBXFileReference; lastKnownFileType = sourcecode.swift; path = PeopleDetailsView.swift; sourceTree = "<group>"; };
		115E4768273F146F0056A5DC /* KnownForView.swift */ = {isa = PBXFileReference; lastKnownFileType = sourcecode.swift; path = KnownForView.swift; sourceTree = "<group>"; };
		115E476B273F14F00056A5DC /* KnowForCard.swift */ = {isa = PBXFileReference; lastKnownFileType = sourcecode.swift; path = KnowForCard.swift; sourceTree = "<group>"; };
		115E476E273F18C80056A5DC /* LocalManager.swift */ = {isa = PBXFileReference; lastKnownFileType = sourcecode.swift; path = LocalManager.swift; sourceTree = "<group>"; };
		115E4770273F4C630056A5DC /* PeopleStorage.swift */ = {isa = PBXFileReference; lastKnownFileType = sourcecode.swift; path = PeopleStorage.swift; sourceTree = "<group>"; };
		115E4773273F4E520056A5DC /* MovieQuery.swift */ = {isa = PBXFileReference; lastKnownFileType = sourcecode.swift; path = MovieQuery.swift; sourceTree = "<group>"; };
		115E4777273F4F310056A5DC /* ManageModels.swift */ = {isa = PBXFileReference; lastKnownFileType = sourcecode.swift; path = ManageModels.swift; sourceTree = "<group>"; };
		115EAB8C273C7FD70010461E /* ScrollContentView.swift */ = {isa = PBXFileReference; lastKnownFileType = sourcecode.swift; path = ScrollContentView.swift; sourceTree = "<group>"; };
		115EAB8E273C833B0010461E /* MoviesView.swift */ = {isa = PBXFileReference; lastKnownFileType = sourcecode.swift; path = MoviesView.swift; sourceTree = "<group>"; };
		115EAB90273C83B30010461E /* TVSeriesView.swift */ = {isa = PBXFileReference; lastKnownFileType = sourcecode.swift; path = TVSeriesView.swift; sourceTree = "<group>"; };
		117799BF272AA72C000C9742 /* Rappi Watch.app */ = {isa = PBXFileReference; explicitFileType = wrapper.application; includeInIndex = 0; path = "Rappi Watch.app"; sourceTree = BUILT_PRODUCTS_DIR; };
		117799C2272AA72C000C9742 /* AppDelegate.swift */ = {isa = PBXFileReference; lastKnownFileType = sourcecode.swift; path = AppDelegate.swift; sourceTree = "<group>"; };
		117799C4272AA72C000C9742 /* SceneDelegate.swift */ = {isa = PBXFileReference; lastKnownFileType = sourcecode.swift; path = SceneDelegate.swift; sourceTree = "<group>"; };
		117799CB272AA72F000C9742 /* Assets.xcassets */ = {isa = PBXFileReference; lastKnownFileType = folder.assetcatalog; path = Assets.xcassets; sourceTree = "<group>"; };
		117799CE272AA72F000C9742 /* Base */ = {isa = PBXFileReference; lastKnownFileType = file.storyboard; name = Base; path = Base.lproj/LaunchScreen.storyboard; sourceTree = "<group>"; };
		117799D0272AA72F000C9742 /* Info.plist */ = {isa = PBXFileReference; lastKnownFileType = text.plist.xml; path = Info.plist; sourceTree = "<group>"; };
		117799D5272AA72F000C9742 /* Rappi WatchTests.xctest */ = {isa = PBXFileReference; explicitFileType = wrapper.cfbundle; includeInIndex = 0; path = "Rappi WatchTests.xctest"; sourceTree = BUILT_PRODUCTS_DIR; };
		117799D9272AA730000C9742 /* Rappi_WatchTests.swift */ = {isa = PBXFileReference; lastKnownFileType = sourcecode.swift; path = Rappi_WatchTests.swift; sourceTree = "<group>"; };
		117799DF272AA730000C9742 /* Rappi WatchUITests.xctest */ = {isa = PBXFileReference; explicitFileType = wrapper.cfbundle; includeInIndex = 0; path = "Rappi WatchUITests.xctest"; sourceTree = BUILT_PRODUCTS_DIR; };
		117799E3272AA730000C9742 /* Rappi_WatchUITests.swift */ = {isa = PBXFileReference; lastKnownFileType = sourcecode.swift; path = Rappi_WatchUITests.swift; sourceTree = "<group>"; };
		117799E5272AA730000C9742 /* Rappi_WatchUITestsLaunchTests.swift */ = {isa = PBXFileReference; lastKnownFileType = sourcecode.swift; path = Rappi_WatchUITestsLaunchTests.swift; sourceTree = "<group>"; };
		117799FB272AAEF3000C9742 /* LaunchScreenUI.swift */ = {isa = PBXFileReference; lastKnownFileType = sourcecode.swift; path = LaunchScreenUI.swift; sourceTree = "<group>"; };
		117799FD272AAF46000C9742 /* OnboardingView.swift */ = {isa = PBXFileReference; lastKnownFileType = sourcecode.swift; path = OnboardingView.swift; sourceTree = "<group>"; };
		117799FF272AAF96000C9742 /* PageControl.swift */ = {isa = PBXFileReference; lastKnownFileType = sourcecode.swift; path = PageControl.swift; sourceTree = "<group>"; };
		11779A02272AB01C000C9742 /* Utils.swift */ = {isa = PBXFileReference; lastKnownFileType = sourcecode.swift; path = Utils.swift; sourceTree = "<group>"; };
		11779A04272AB047000C9742 /* BlurView.swift */ = {isa = PBXFileReference; lastKnownFileType = sourcecode.swift; path = BlurView.swift; sourceTree = "<group>"; };
		11779A06272AB079000C9742 /* MeView.swift */ = {isa = PBXFileReference; lastKnownFileType = sourcecode.swift; path = MeView.swift; sourceTree = "<group>"; };
		11779A20272AB499000C9742 /* CompanyCard.swift */ = {isa = PBXFileReference; lastKnownFileType = sourcecode.swift; path = CompanyCard.swift; sourceTree = "<group>"; };
		11779A23272AB4E1000C9742 /* HeaderView.swift */ = {isa = PBXFileReference; lastKnownFileType = sourcecode.swift; path = HeaderView.swift; sourceTree = "<group>"; };
		11779A25272AB500000C9742 /* CustomButton.swift */ = {isa = PBXFileReference; lastKnownFileType = sourcecode.swift; path = CustomButton.swift; sourceTree = "<group>"; };
		11779A27272AB520000C9742 /* SideButtonsView.swift */ = {isa = PBXFileReference; lastKnownFileType = sourcecode.swift; path = SideButtonsView.swift; sourceTree = "<group>"; };
		11779A2A272AB556000C9742 /* RingView.swift */ = {isa = PBXFileReference; lastKnownFileType = sourcecode.swift; path = RingView.swift; sourceTree = "<group>"; };
		11779A2C272AB5F3000C9742 /* RatingStartView.swift */ = {isa = PBXFileReference; lastKnownFileType = sourcecode.swift; path = RatingStartView.swift; sourceTree = "<group>"; };
		11779A2E272AB610000C9742 /* BarChartView.swift */ = {isa = PBXFileReference; lastKnownFileType = sourcecode.swift; path = BarChartView.swift; sourceTree = "<group>"; };
		11779A30272AB666000C9742 /* RootController.swift */ = {isa = PBXFileReference; lastKnownFileType = sourcecode.swift; path = RootController.swift; sourceTree = "<group>"; };
		11779A32272AB6DC000C9742 /* Movie.swift */ = {isa = PBXFileReference; lastKnownFileType = sourcecode.swift; path = Movie.swift; sourceTree = "<group>"; };
		11779A34272AB6EC000C9742 /* MovieDetail.swift */ = {isa = PBXFileReference; lastKnownFileType = sourcecode.swift; path = MovieDetail.swift; sourceTree = "<group>"; };
		11779A3A272AB7A4000C9742 /* CompaniesView.swift */ = {isa = PBXFileReference; lastKnownFileType = sourcecode.swift; path = CompaniesView.swift; sourceTree = "<group>"; };
		11779A3C272AB7BD000C9742 /* TopDetailsView.swift */ = {isa = PBXFileReference; lastKnownFileType = sourcecode.swift; path = TopDetailsView.swift; sourceTree = "<group>"; };
		11779A3E272AB7DF000C9742 /* AnalitycsView.swift */ = {isa = PBXFileReference; lastKnownFileType = sourcecode.swift; path = AnalitycsView.swift; sourceTree = "<group>"; };
		11779A40272AB84F000C9742 /* TVSerie.swift */ = {isa = PBXFileReference; lastKnownFileType = sourcecode.swift; path = TVSerie.swift; sourceTree = "<group>"; };
		11779A42272AB85B000C9742 /* TVSerieDetail.swift */ = {isa = PBXFileReference; lastKnownFileType = sourcecode.swift; path = TVSerieDetail.swift; sourceTree = "<group>"; };
		1192D210272BECB800CD6216 /* TVSerieDetailsView.swift */ = {isa = PBXFileReference; lastKnownFileType = sourcecode.swift; path = TVSerieDetailsView.swift; sourceTree = "<group>"; };
		1192D212272BF72E00CD6216 /* GenreCard.swift */ = {isa = PBXFileReference; lastKnownFileType = sourcecode.swift; path = GenreCard.swift; sourceTree = "<group>"; };
		1192D214272BF7D900CD6216 /* SeasonCard.swift */ = {isa = PBXFileReference; lastKnownFileType = sourcecode.swift; path = SeasonCard.swift; sourceTree = "<group>"; };
		1192D216272BF96800CD6216 /* CreatorCard.swift */ = {isa = PBXFileReference; lastKnownFileType = sourcecode.swift; path = CreatorCard.swift; sourceTree = "<group>"; };
		1192D218272BFE9700CD6216 /* TVSerieCard.swift */ = {isa = PBXFileReference; lastKnownFileType = sourcecode.swift; path = TVSerieCard.swift; sourceTree = "<group>"; };
		1192D21A272C07A800CD6216 /* SeasonsView.swift */ = {isa = PBXFileReference; lastKnownFileType = sourcecode.swift; path = SeasonsView.swift; sourceTree = "<group>"; };
		1192D21C272C07E800CD6216 /* CreatorsView.swift */ = {isa = PBXFileReference; lastKnownFileType = sourcecode.swift; path = CreatorsView.swift; sourceTree = "<group>"; };
		1192D21E272C088000CD6216 /* NetworksView.swift */ = {isa = PBXFileReference; lastKnownFileType = sourcecode.swift; path = NetworksView.swift; sourceTree = "<group>"; };
		1192D220272C0AD000CD6216 /* CountriesView.swift */ = {isa = PBXFileReference; lastKnownFileType = sourcecode.swift; path = CountriesView.swift; sourceTree = "<group>"; };
		11B01AB527306C8400ECB838 /* TVSerieStorage.swift */ = {isa = PBXFileReference; lastKnownFileType = sourcecode.swift; path = TVSerieStorage.swift; sourceTree = "<group>"; };
		11C9767D27304043008C566D /* ServerError.swift */ = {isa = PBXFileReference; lastKnownFileType = sourcecode.swift; path = ServerError.swift; sourceTree = "<group>"; };
		11C9767F27304415008C566D /* ReachabilityManager.swift */ = {isa = PBXFileReference; lastKnownFileType = sourcecode.swift; path = ReachabilityManager.swift; sourceTree = "<group>"; };
		11C9768227304B7F008C566D /* MovieStorage.swift */ = {isa = PBXFileReference; lastKnownFileType = sourcecode.swift; path = MovieStorage.swift; sourceTree = "<group>"; };
		11D82FB5272EEDE1003BBDAD /* LoadMoreButton.swift */ = {isa = PBXFileReference; lastKnownFileType = sourcecode.swift; path = LoadMoreButton.swift; sourceTree = "<group>"; };
		11DACA33272AC7D800AABAB8 /* MovieDetailsView.swift */ = {isa = PBXFileReference; lastKnownFileType = sourcecode.swift; path = MovieDetailsView.swift; sourceTree = "<group>"; };
		11DACA35272AC83900AABAB8 /* HomeView.swift */ = {isa = PBXFileReference; lastKnownFileType = sourcecode.swift; path = HomeView.swift; sourceTree = "<group>"; };
		11DACA37272AC94B00AABAB8 /* MovieCard.swift */ = {isa = PBXFileReference; lastKnownFileType = sourcecode.swift; path = MovieCard.swift; sourceTree = "<group>"; };
		1C250A596132BC04C6DA4E53 /* Pods-Rappi Watch.debug.xcconfig */ = {isa = PBXFileReference; includeInIndex = 1; lastKnownFileType = text.xcconfig; name = "Pods-Rappi Watch.debug.xcconfig"; path = "Target Support Files/Pods-Rappi Watch/Pods-Rappi Watch.debug.xcconfig"; sourceTree = "<group>"; };
		616977B042804615FA7E0140 /* Pods-Rappi WatchTests.release.xcconfig */ = {isa = PBXFileReference; includeInIndex = 1; lastKnownFileType = text.xcconfig; name = "Pods-Rappi WatchTests.release.xcconfig"; path = "Target Support Files/Pods-Rappi WatchTests/Pods-Rappi WatchTests.release.xcconfig"; sourceTree = "<group>"; };
		7E1F61A3DF8CE3195736DD89 /* Pods-Rappi Watch-Rappi WatchUITests.debug.xcconfig */ = {isa = PBXFileReference; includeInIndex = 1; lastKnownFileType = text.xcconfig; name = "Pods-Rappi Watch-Rappi WatchUITests.debug.xcconfig"; path = "Target Support Files/Pods-Rappi Watch-Rappi WatchUITests/Pods-Rappi Watch-Rappi WatchUITests.debug.xcconfig"; sourceTree = "<group>"; };
		8D7EF6434871CE72C653B903 /* Pods-Rappi Watch-Rappi WatchUITests.release.xcconfig */ = {isa = PBXFileReference; includeInIndex = 1; lastKnownFileType = text.xcconfig; name = "Pods-Rappi Watch-Rappi WatchUITests.release.xcconfig"; path = "Target Support Files/Pods-Rappi Watch-Rappi WatchUITests/Pods-Rappi Watch-Rappi WatchUITests.release.xcconfig"; sourceTree = "<group>"; };
		A85FB13A751C061E67236722 /* Pods-Rappi Watch.release.xcconfig */ = {isa = PBXFileReference; includeInIndex = 1; lastKnownFileType = text.xcconfig; name = "Pods-Rappi Watch.release.xcconfig"; path = "Target Support Files/Pods-Rappi Watch/Pods-Rappi Watch.release.xcconfig"; sourceTree = "<group>"; };
		C38D29BF8E7EC4F8A1008FAD /* Pods-Rappi WatchTests.debug.xcconfig */ = {isa = PBXFileReference; includeInIndex = 1; lastKnownFileType = text.xcconfig; name = "Pods-Rappi WatchTests.debug.xcconfig"; path = "Target Support Files/Pods-Rappi WatchTests/Pods-Rappi WatchTests.debug.xcconfig"; sourceTree = "<group>"; };
		E3CCFB32DD5DD127471051EC /* Pods_Rappi_WatchTests.framework */ = {isa = PBXFileReference; explicitFileType = wrapper.framework; includeInIndex = 0; path = Pods_Rappi_WatchTests.framework; sourceTree = BUILT_PRODUCTS_DIR; };
		EBE5B2ADEEF5D59BC39B4324 /* Pods_Rappi_Watch.framework */ = {isa = PBXFileReference; explicitFileType = wrapper.framework; includeInIndex = 0; path = Pods_Rappi_Watch.framework; sourceTree = BUILT_PRODUCTS_DIR; };
		ECCAEB03A240F3EF1AA75B95 /* Pods_Rappi_Watch_Rappi_WatchUITests.framework */ = {isa = PBXFileReference; explicitFileType = wrapper.framework; includeInIndex = 0; path = Pods_Rappi_Watch_Rappi_WatchUITests.framework; sourceTree = BUILT_PRODUCTS_DIR; };
/* End PBXFileReference section */

/* Begin PBXFrameworksBuildPhase section */
		117799BC272AA72C000C9742 /* Frameworks */ = {
			isa = PBXFrameworksBuildPhase;
			buildActionMask = 2147483647;
			files = (
				206CA2A683844174B5BC9DA8 /* Pods_Rappi_Watch.framework in Frameworks */,
			);
			runOnlyForDeploymentPostprocessing = 0;
		};
		117799D2272AA72F000C9742 /* Frameworks */ = {
			isa = PBXFrameworksBuildPhase;
			buildActionMask = 2147483647;
			files = (
				872A0202FDC46CBF81D6CFD7 /* Pods_Rappi_WatchTests.framework in Frameworks */,
			);
			runOnlyForDeploymentPostprocessing = 0;
		};
		117799DC272AA730000C9742 /* Frameworks */ = {
			isa = PBXFrameworksBuildPhase;
			buildActionMask = 2147483647;
			files = (
				DA206A59FB772A041A566CB9 /* Pods_Rappi_Watch_Rappi_WatchUITests.framework in Frameworks */,
			);
			runOnlyForDeploymentPostprocessing = 0;
		};
/* End PBXFrameworksBuildPhase section */

/* Begin PBXGroup section */
		1105D0E5272D6863008559B4 /* LottieFiles */ = {
			isa = PBXGroup;
			children = (
				1105D0E6272D6890008559B4 /* Files */,
				1105D0EB272D692F008559B4 /* View */,
			);
			path = LottieFiles;
			sourceTree = "<group>";
		};
		1105D0E6272D6890008559B4 /* Files */ = {
			isa = PBXGroup;
			children = (
				1105D0E8272D689E008559B4 /* loading.json */,
				1105D0E7272D689E008559B4 /* not_found.json */,
			);
			path = Files;
			sourceTree = "<group>";
		};
		1105D0EB272D692F008559B4 /* View */ = {
			isa = PBXGroup;
			children = (
				1105D0EC272D6949008559B4 /* LottieView.swift */,
				1105D0EE272D699F008559B4 /* LoadingView.swift */,
			);
			path = View;
			sourceTree = "<group>";
		};
		1105D0F2272DA582008559B4 /* DataManager */ = {
			isa = PBXGroup;
			children = (
				1105D0F0272DA4F0008559B4 /* TVSerieRepository.swift */,
			);
			path = DataManager;
			sourceTree = "<group>";
		};
		113F7BD2272CA3FF003BA1D9 /* Rooting */ = {
			isa = PBXGroup;
			children = (
				11779A30272AB666000C9742 /* RootController.swift */,
			);
			path = Rooting;
			sourceTree = "<group>";
		};
		113F7BD3272CA41F003BA1D9 /* API */ = {
			isa = PBXGroup;
			children = (
				115E4772273F4E430056A5DC /* Model */,
				113F7BD4272CA58A003BA1D9 /* ServerManager.swift */,
				11C9767D27304043008C566D /* ServerError.swift */,
			);
			path = API;
			sourceTree = "<group>";
		};
		113F7BDA272CB9E1003BA1D9 /* Supporting Files */ = {
			isa = PBXGroup;
			children = (
				113F7BDD272CBA2B003BA1D9 /* Config */,
				112B81C627318CA900D55F6A /* Localizable.strings */,
			);
			path = "Supporting Files";
			sourceTree = "<group>";
		};
		113F7BDD272CBA2B003BA1D9 /* Config */ = {
			isa = PBXGroup;
			children = (
				113F7BDB272CBA12003BA1D9 /* ConfigurationManager.swift */,
				113F7BDE272CBA41003BA1D9 /* ConfigReader.swift */,
				113F7BE0272CBA55003BA1D9 /* Configuration */,
			);
			path = Config;
			sourceTree = "<group>";
		};
		113F7BE0272CBA55003BA1D9 /* Configuration */ = {
			isa = PBXGroup;
			children = (
				113F7BE1272CBA7B003BA1D9 /* Configuration.plist */,
			);
			path = Configuration;
			sourceTree = "<group>";
		};
		113F7BE5272CD3E0003BA1D9 /* DataManager */ = {
			isa = PBXGroup;
			children = (
				113F7BE6272CD402003BA1D9 /* MovieRepository.swift */,
			);
			path = DataManager;
			sourceTree = "<group>";
		};
		115E4763273F11A40056A5DC /* People */ = {
			isa = PBXGroup;
			children = (
				115E4764273F11B90056A5DC /* View */,
			);
			path = People;
			sourceTree = "<group>";
		};
		115E4764273F11B90056A5DC /* View */ = {
			isa = PBXGroup;
			children = (
				115E476A273F14D40056A5DC /* Card */,
				115E4767273F14560056A5DC /* Components */,
				115E4765273F11DE0056A5DC /* PeopleDetailsView.swift */,
			);
			path = View;
			sourceTree = "<group>";
		};
		115E4767273F14560056A5DC /* Components */ = {
			isa = PBXGroup;
			children = (
				115E4768273F146F0056A5DC /* KnownForView.swift */,
			);
			path = Components;
			sourceTree = "<group>";
		};
		115E476A273F14D40056A5DC /* Card */ = {
			isa = PBXGroup;
			children = (
				115E476B273F14F00056A5DC /* KnowForCard.swift */,
			);
			path = Card;
			sourceTree = "<group>";
		};
		115E476D273F18140056A5DC /* Local */ = {
			isa = PBXGroup;
			children = (
				115E476E273F18C80056A5DC /* LocalManager.swift */,
			);
			path = Local;
			sourceTree = "<group>";
		};
		115E4772273F4E430056A5DC /* Model */ = {
			isa = PBXGroup;
			children = (
				115E4773273F4E520056A5DC /* MovieQuery.swift */,
			);
			path = Model;
			sourceTree = "<group>";
		};
		115E4775273F4F050056A5DC /* Manage */ = {
			isa = PBXGroup;
			children = (
				115E4776273F4F120056A5DC /* Model */,
				115E475B273ED32A0056A5DC /* ManageCategories.swift */,
			);
			path = Manage;
			sourceTree = "<group>";
		};
		115E4776273F4F120056A5DC /* Model */ = {
			isa = PBXGroup;
			children = (
				115E4777273F4F310056A5DC /* ManageModels.swift */,
			);
			path = Model;
			sourceTree = "<group>";
		};
		117799B6272AA72C000C9742 = {
			isa = PBXGroup;
			children = (
				117799C1272AA72C000C9742 /* Rappi Watch */,
				117799D8272AA72F000C9742 /* Rappi WatchTests */,
				117799E2272AA730000C9742 /* Rappi WatchUITests */,
				117799C0272AA72C000C9742 /* Products */,
				91682EB566728B0FDA98278B /* Pods */,
				D7329DFD6CC3B6C975BC24CA /* Frameworks */,
			);
			sourceTree = "<group>";
		};
		117799C0272AA72C000C9742 /* Products */ = {
			isa = PBXGroup;
			children = (
				117799BF272AA72C000C9742 /* Rappi Watch.app */,
				117799D5272AA72F000C9742 /* Rappi WatchTests.xctest */,
				117799DF272AA730000C9742 /* Rappi WatchUITests.xctest */,
			);
			name = Products;
			sourceTree = "<group>";
		};
		117799C1272AA72C000C9742 /* Rappi Watch */ = {
			isa = PBXGroup;
			children = (
				117799F2272AA777000C9742 /* Modules */,
				113F7BD2272CA3FF003BA1D9 /* Rooting */,
				113F7BD3272CA41F003BA1D9 /* API */,
				11779A01272AB003000C9742 /* Utils */,
				113F7BDA272CB9E1003BA1D9 /* Supporting Files */,
				117799C2272AA72C000C9742 /* AppDelegate.swift */,
				117799C4272AA72C000C9742 /* SceneDelegate.swift */,
				117799CB272AA72F000C9742 /* Assets.xcassets */,
				117799D0272AA72F000C9742 /* Info.plist */,
			);
			path = "Rappi Watch";
			sourceTree = "<group>";
		};
		117799D8272AA72F000C9742 /* Rappi WatchTests */ = {
			isa = PBXGroup;
			children = (
				117799D9272AA730000C9742 /* Rappi_WatchTests.swift */,
			);
			path = "Rappi WatchTests";
			sourceTree = "<group>";
		};
		117799E2272AA730000C9742 /* Rappi WatchUITests */ = {
			isa = PBXGroup;
			children = (
				117799E3272AA730000C9742 /* Rappi_WatchUITests.swift */,
				117799E5272AA730000C9742 /* Rappi_WatchUITestsLaunchTests.swift */,
			);
			path = "Rappi WatchUITests";
			sourceTree = "<group>";
		};
		117799F2272AA777000C9742 /* Modules */ = {
			isa = PBXGroup;
			children = (
				117799F3272AA794000C9742 /* Launch Screen */,
				117799F4272AA79B000C9742 /* Onboarding Screen */,
				117799F6272AA7B2000C9742 /* Home */,
				117799F7272AA7B8000C9742 /* Movies */,
				117799F8272AA7BE000C9742 /* TV Series */,
				115E4763273F11A40056A5DC /* People */,
				117799F5272AA7A9000C9742 /* Me */,
			);
			path = Modules;
			sourceTree = "<group>";
		};
		117799F3272AA794000C9742 /* Launch Screen */ = {
			isa = PBXGroup;
			children = (
				11779A1A272AB2D9000C9742 /* Model */,
				11779A19272AB2D6000C9742 /* View */,
				11779A18272AB2D0000C9742 /* ViewModel */,
			);
			path = "Launch Screen";
			sourceTree = "<group>";
		};
		117799F4272AA79B000C9742 /* Onboarding Screen */ = {
			isa = PBXGroup;
			children = (
				11779A17272AB2CB000C9742 /* Model */,
				11779A16272AB2C7000C9742 /* View */,
				11779A15272AB2BF000C9742 /* ViewModel */,
			);
			path = "Onboarding Screen";
			sourceTree = "<group>";
		};
		117799F5272AA7A9000C9742 /* Me */ = {
			isa = PBXGroup;
			children = (
				11779A13272AB293000C9742 /* Model */,
				11779A12272AB28D000C9742 /* View */,
				11779A14272AB299000C9742 /* ViewModel */,
			);
			path = Me;
			sourceTree = "<group>";
		};
		117799F6272AA7B2000C9742 /* Home */ = {
			isa = PBXGroup;
			children = (
				11FB5C21273DC64F00D17C1E /* Utils */,
				11779A0B272AB239000C9742 /* Model */,
				11779A0A272AB233000C9742 /* View */,
				11779A09272AB228000C9742 /* ViewModel */,
				11779A08272AB21B000C9742 /* DataManager */,
			);
			path = Home;
			sourceTree = "<group>";
		};
		117799F7272AA7B8000C9742 /* Movies */ = {
			isa = PBXGroup;
			children = (
				11779A0E272AB278000C9742 /* Model */,
				11779A0D272AB274000C9742 /* View */,
				11779A0C272AB260000C9742 /* ViewModel */,
				113F7BE5272CD3E0003BA1D9 /* DataManager */,
			);
			path = Movies;
			sourceTree = "<group>";
		};
		117799F8272AA7BE000C9742 /* TV Series */ = {
			isa = PBXGroup;
			children = (
				11779A11272AB287000C9742 /* Model */,
				11779A10272AB283000C9742 /* View */,
				11779A0F272AB27E000C9742 /* ViewModel */,
				1105D0F2272DA582008559B4 /* DataManager */,
			);
			path = "TV Series";
			sourceTree = "<group>";
		};
		11779A01272AB003000C9742 /* Utils */ = {
			isa = PBXGroup;
			children = (
				1105D0E5272D6863008559B4 /* LottieFiles */,
				11779A1B272AB3B0000C9742 /* Common Views */,
				11779A02272AB01C000C9742 /* Utils.swift */,
				11C9767F27304415008C566D /* ReachabilityManager.swift */,
			);
			path = Utils;
			sourceTree = "<group>";
		};
		11779A08272AB21B000C9742 /* DataManager */ = {
			isa = PBXGroup;
			children = (
				113F7BD8272CB6A5003BA1D9 /* HomeRepository.swift */,
				115E476D273F18140056A5DC /* Local */,
			);
			path = DataManager;
			sourceTree = "<group>";
		};
		11779A09272AB228000C9742 /* ViewModel */ = {
			isa = PBXGroup;
			children = (
				113F7BD6272CB62C003BA1D9 /* HomeViewModel.swift */,
			);
			path = ViewModel;
			sourceTree = "<group>";
		};
		11779A0A272AB233000C9742 /* View */ = {
			isa = PBXGroup;
			children = (
				11779A22272AB4CA000C9742 /* Components */,
				11779A1D272AB443000C9742 /* Cards */,
				11DACA35272AC83900AABAB8 /* HomeView.swift */,
			);
			path = View;
			sourceTree = "<group>";
		};
		11779A0B272AB239000C9742 /* Model */ = {
			isa = PBXGroup;
			children = (
				11779A32272AB6DC000C9742 /* Movie.swift */,
				11779A40272AB84F000C9742 /* TVSerie.swift */,
				115E475D273F046F0056A5DC /* People.swift */,
			);
			path = Model;
			sourceTree = "<group>";
		};
		11779A0C272AB260000C9742 /* ViewModel */ = {
			isa = PBXGroup;
			children = (
				113F7BE3272CD2AD003BA1D9 /* MovieViewModel.swift */,
			);
			path = ViewModel;
			sourceTree = "<group>";
		};
		11779A0D272AB274000C9742 /* View */ = {
			isa = PBXGroup;
			children = (
				11779A39272AB736000C9742 /* Components */,
				11DACA33272AC7D800AABAB8 /* MovieDetailsView.swift */,
			);
			path = View;
			sourceTree = "<group>";
		};
		11779A0E272AB278000C9742 /* Model */ = {
			isa = PBXGroup;
			children = (
				11779A34272AB6EC000C9742 /* MovieDetail.swift */,
			);
			path = Model;
			sourceTree = "<group>";
		};
		11779A0F272AB27E000C9742 /* ViewModel */ = {
			isa = PBXGroup;
			children = (
				1105D0F3272DA5B2008559B4 /* TVSerieViewModel.swift */,
			);
			path = ViewModel;
			sourceTree = "<group>";
		};
		11779A10272AB283000C9742 /* View */ = {
			isa = PBXGroup;
			children = (
				1192D20F272BEC9D00CD6216 /* Components */,
				1192D20E272BEC9600CD6216 /* Cards */,
				1192D210272BECB800CD6216 /* TVSerieDetailsView.swift */,
			);
			path = View;
			sourceTree = "<group>";
		};
		11779A11272AB287000C9742 /* Model */ = {
			isa = PBXGroup;
			children = (
				11779A42272AB85B000C9742 /* TVSerieDetail.swift */,
			);
			path = Model;
			sourceTree = "<group>";
		};
		11779A12272AB28D000C9742 /* View */ = {
			isa = PBXGroup;
			children = (
				11779A06272AB079000C9742 /* MeView.swift */,
			);
			path = View;
			sourceTree = "<group>";
		};
		11779A13272AB293000C9742 /* Model */ = {
			isa = PBXGroup;
			children = (
			);
			path = Model;
			sourceTree = "<group>";
		};
		11779A14272AB299000C9742 /* ViewModel */ = {
			isa = PBXGroup;
			children = (
			);
			path = ViewModel;
			sourceTree = "<group>";
		};
		11779A15272AB2BF000C9742 /* ViewModel */ = {
			isa = PBXGroup;
			children = (
			);
			path = ViewModel;
			sourceTree = "<group>";
		};
		11779A16272AB2C7000C9742 /* View */ = {
			isa = PBXGroup;
			children = (
				117799FD272AAF46000C9742 /* OnboardingView.swift */,
				117799FF272AAF96000C9742 /* PageControl.swift */,
			);
			path = View;
			sourceTree = "<group>";
		};
		11779A17272AB2CB000C9742 /* Model */ = {
			isa = PBXGroup;
			children = (
				112B81C827318CE100D55F6A /* Intro.swift */,
			);
			path = Model;
			sourceTree = "<group>";
		};
		11779A18272AB2D0000C9742 /* ViewModel */ = {
			isa = PBXGroup;
			children = (
			);
			path = ViewModel;
			sourceTree = "<group>";
		};
		11779A19272AB2D6000C9742 /* View */ = {
			isa = PBXGroup;
			children = (
				117799CD272AA72F000C9742 /* LaunchScreen.storyboard */,
				117799FB272AAEF3000C9742 /* LaunchScreenUI.swift */,
			);
			path = View;
			sourceTree = "<group>";
		};
		11779A1A272AB2D9000C9742 /* Model */ = {
			isa = PBXGroup;
			children = (
			);
			path = Model;
			sourceTree = "<group>";
		};
		11779A1B272AB3B0000C9742 /* Common Views */ = {
			isa = PBXGroup;
			children = (
				11779A29272AB544000C9742 /* Components */,
				11779A1C272AB3D2000C9742 /* Cards */,
			);
			path = "Common Views";
			sourceTree = "<group>";
		};
		11779A1C272AB3D2000C9742 /* Cards */ = {
			isa = PBXGroup;
			children = (
				11779A20272AB499000C9742 /* CompanyCard.swift */,
				113F7BE8272CDC18003BA1D9 /* CountryCard.swift */,
			);
			path = Cards;
			sourceTree = "<group>";
		};
		11779A1D272AB443000C9742 /* Cards */ = {
			isa = PBXGroup;
			children = (
				11DACA37272AC94B00AABAB8 /* MovieCard.swift */,
				1192D218272BFE9700CD6216 /* TVSerieCard.swift */,
				115E475F273F0BD90056A5DC /* PeopleCard.swift */,
			);
			path = Cards;
			sourceTree = "<group>";
		};
		11779A22272AB4CA000C9742 /* Components */ = {
			isa = PBXGroup;
			children = (
				11779A23272AB4E1000C9742 /* HeaderView.swift */,
				11779A25272AB500000C9742 /* CustomButton.swift */,
				11779A27272AB520000C9742 /* SideButtonsView.swift */,
				115EAB8E273C833B0010461E /* MoviesView.swift */,
				115EAB90273C83B30010461E /* TVSeriesView.swift */,
				115E4761273F0CF70056A5DC /* PeopleView.swift */,
				115EAB8C273C7FD70010461E /* ScrollContentView.swift */,
			);
			path = Components;
			sourceTree = "<group>";
		};
		11779A29272AB544000C9742 /* Components */ = {
			isa = PBXGroup;
			children = (
				11779A04272AB047000C9742 /* BlurView.swift */,
				11779A2C272AB5F3000C9742 /* RatingStartView.swift */,
				11779A2E272AB610000C9742 /* BarChartView.swift */,
				11779A3A272AB7A4000C9742 /* CompaniesView.swift */,
				1192D220272C0AD000CD6216 /* CountriesView.swift */,
				11779A2A272AB556000C9742 /* RingView.swift */,
				11D82FB5272EEDE1003BBDAD /* LoadMoreButton.swift */,
			);
			path = Components;
			sourceTree = "<group>";
		};
		11779A39272AB736000C9742 /* Components */ = {
			isa = PBXGroup;
			children = (
				11779A3C272AB7BD000C9742 /* TopDetailsView.swift */,
				11779A3E272AB7DF000C9742 /* AnalitycsView.swift */,
			);
			path = Components;
			sourceTree = "<group>";
		};
		1192D20E272BEC9600CD6216 /* Cards */ = {
			isa = PBXGroup;
			children = (
				1192D212272BF72E00CD6216 /* GenreCard.swift */,
				1192D214272BF7D900CD6216 /* SeasonCard.swift */,
				1192D216272BF96800CD6216 /* CreatorCard.swift */,
			);
			path = Cards;
			sourceTree = "<group>";
		};
		1192D20F272BEC9D00CD6216 /* Components */ = {
			isa = PBXGroup;
			children = (
				1192D21A272C07A800CD6216 /* SeasonsView.swift */,
				1192D21C272C07E800CD6216 /* CreatorsView.swift */,
				1192D21E272C088000CD6216 /* NetworksView.swift */,
			);
			path = Components;
			sourceTree = "<group>";
		};
		11C9768127304B5F008C566D /* Storage */ = {
			isa = PBXGroup;
			children = (
				11C9768227304B7F008C566D /* MovieStorage.swift */,
				11B01AB527306C8400ECB838 /* TVSerieStorage.swift */,
				115E4770273F4C630056A5DC /* PeopleStorage.swift */,
			);
			path = Storage;
			sourceTree = "<group>";
		};
		11FB5C21273DC64F00D17C1E /* Utils */ = {
			isa = PBXGroup;
			children = (
				115E4775273F4F050056A5DC /* Manage */,
				11C9768127304B5F008C566D /* Storage */,
			);
			path = Utils;
			sourceTree = "<group>";
		};
		91682EB566728B0FDA98278B /* Pods */ = {
			isa = PBXGroup;
			children = (
				1C250A596132BC04C6DA4E53 /* Pods-Rappi Watch.debug.xcconfig */,
				A85FB13A751C061E67236722 /* Pods-Rappi Watch.release.xcconfig */,
				7E1F61A3DF8CE3195736DD89 /* Pods-Rappi Watch-Rappi WatchUITests.debug.xcconfig */,
				8D7EF6434871CE72C653B903 /* Pods-Rappi Watch-Rappi WatchUITests.release.xcconfig */,
				C38D29BF8E7EC4F8A1008FAD /* Pods-Rappi WatchTests.debug.xcconfig */,
				616977B042804615FA7E0140 /* Pods-Rappi WatchTests.release.xcconfig */,
			);
			path = Pods;
			sourceTree = "<group>";
		};
		D7329DFD6CC3B6C975BC24CA /* Frameworks */ = {
			isa = PBXGroup;
			children = (
				EBE5B2ADEEF5D59BC39B4324 /* Pods_Rappi_Watch.framework */,
				ECCAEB03A240F3EF1AA75B95 /* Pods_Rappi_Watch_Rappi_WatchUITests.framework */,
				E3CCFB32DD5DD127471051EC /* Pods_Rappi_WatchTests.framework */,
			);
			name = Frameworks;
			sourceTree = "<group>";
		};
/* End PBXGroup section */

/* Begin PBXNativeTarget section */
		117799BE272AA72C000C9742 /* Rappi Watch */ = {
			isa = PBXNativeTarget;
			buildConfigurationList = 117799E9272AA730000C9742 /* Build configuration list for PBXNativeTarget "Rappi Watch" */;
			buildPhases = (
				965C36C42ACD43B63D962324 /* [CP] Check Pods Manifest.lock */,
				117799BB272AA72C000C9742 /* Sources */,
				117799BC272AA72C000C9742 /* Frameworks */,
				117799BD272AA72C000C9742 /* Resources */,
				A5C6483BC798DA21EE9A9168 /* [CP] Embed Pods Frameworks */,
			);
			buildRules = (
			);
			dependencies = (
			);
			name = "Rappi Watch";
			productName = "Rappi Watch";
			productReference = 117799BF272AA72C000C9742 /* Rappi Watch.app */;
			productType = "com.apple.product-type.application";
		};
		117799D4272AA72F000C9742 /* Rappi WatchTests */ = {
			isa = PBXNativeTarget;
			buildConfigurationList = 117799EC272AA730000C9742 /* Build configuration list for PBXNativeTarget "Rappi WatchTests" */;
			buildPhases = (
				3C418EBBF82857D07AE0302A /* [CP] Check Pods Manifest.lock */,
				117799D1272AA72F000C9742 /* Sources */,
				117799D2272AA72F000C9742 /* Frameworks */,
				117799D3272AA72F000C9742 /* Resources */,
			);
			buildRules = (
			);
			dependencies = (
				117799D7272AA72F000C9742 /* PBXTargetDependency */,
			);
			name = "Rappi WatchTests";
			productName = "Rappi WatchTests";
			productReference = 117799D5272AA72F000C9742 /* Rappi WatchTests.xctest */;
			productType = "com.apple.product-type.bundle.unit-test";
		};
		117799DE272AA730000C9742 /* Rappi WatchUITests */ = {
			isa = PBXNativeTarget;
			buildConfigurationList = 117799EF272AA730000C9742 /* Build configuration list for PBXNativeTarget "Rappi WatchUITests" */;
			buildPhases = (
				11CCC6E1C00691533096ECC0 /* [CP] Check Pods Manifest.lock */,
				117799DB272AA730000C9742 /* Sources */,
				117799DC272AA730000C9742 /* Frameworks */,
				117799DD272AA730000C9742 /* Resources */,
				278F398A0F7E6B84391E8E5D /* [CP] Embed Pods Frameworks */,
			);
			buildRules = (
			);
			dependencies = (
				117799E1272AA730000C9742 /* PBXTargetDependency */,
			);
			name = "Rappi WatchUITests";
			productName = "Rappi WatchUITests";
			productReference = 117799DF272AA730000C9742 /* Rappi WatchUITests.xctest */;
			productType = "com.apple.product-type.bundle.ui-testing";
		};
/* End PBXNativeTarget section */

/* Begin PBXProject section */
		117799B7272AA72C000C9742 /* Project object */ = {
			isa = PBXProject;
			attributes = {
				BuildIndependentTargetsInParallel = 1;
				LastSwiftUpdateCheck = 1310;
				LastUpgradeCheck = 1310;
				TargetAttributes = {
					117799BE272AA72C000C9742 = {
						CreatedOnToolsVersion = 13.1;
					};
					117799D4272AA72F000C9742 = {
						CreatedOnToolsVersion = 13.1;
						TestTargetID = 117799BE272AA72C000C9742;
					};
					117799DE272AA730000C9742 = {
						CreatedOnToolsVersion = 13.1;
						TestTargetID = 117799BE272AA72C000C9742;
					};
				};
			};
			buildConfigurationList = 117799BA272AA72C000C9742 /* Build configuration list for PBXProject "Rappi Watch" */;
			compatibilityVersion = "Xcode 13.0";
			developmentRegion = en;
			hasScannedForEncodings = 0;
			knownRegions = (
				en,
				Base,
			);
			mainGroup = 117799B6272AA72C000C9742;
			productRefGroup = 117799C0272AA72C000C9742 /* Products */;
			projectDirPath = "";
			projectRoot = "";
			targets = (
				117799BE272AA72C000C9742 /* Rappi Watch */,
				117799D4272AA72F000C9742 /* Rappi WatchTests */,
				117799DE272AA730000C9742 /* Rappi WatchUITests */,
			);
		};
/* End PBXProject section */

/* Begin PBXResourcesBuildPhase section */
		117799BD272AA72C000C9742 /* Resources */ = {
			isa = PBXResourcesBuildPhase;
			buildActionMask = 2147483647;
			files = (
				113F7BE2272CBA7B003BA1D9 /* Configuration.plist in Resources */,
				112B81C727318CA900D55F6A /* Localizable.strings in Resources */,
				117799CF272AA72F000C9742 /* LaunchScreen.storyboard in Resources */,
				1105D0E9272D689E008559B4 /* not_found.json in Resources */,
				117799CC272AA72F000C9742 /* Assets.xcassets in Resources */,
				1105D0EA272D689E008559B4 /* loading.json in Resources */,
			);
			runOnlyForDeploymentPostprocessing = 0;
		};
		117799D3272AA72F000C9742 /* Resources */ = {
			isa = PBXResourcesBuildPhase;
			buildActionMask = 2147483647;
			files = (
			);
			runOnlyForDeploymentPostprocessing = 0;
		};
		117799DD272AA730000C9742 /* Resources */ = {
			isa = PBXResourcesBuildPhase;
			buildActionMask = 2147483647;
			files = (
			);
			runOnlyForDeploymentPostprocessing = 0;
		};
/* End PBXResourcesBuildPhase section */

/* Begin PBXShellScriptBuildPhase section */
		11CCC6E1C00691533096ECC0 /* [CP] Check Pods Manifest.lock */ = {
			isa = PBXShellScriptBuildPhase;
			buildActionMask = 2147483647;
			files = (
			);
			inputFileListPaths = (
			);
			inputPaths = (
				"${PODS_PODFILE_DIR_PATH}/Podfile.lock",
				"${PODS_ROOT}/Manifest.lock",
			);
			name = "[CP] Check Pods Manifest.lock";
			outputFileListPaths = (
			);
			outputPaths = (
				"$(DERIVED_FILE_DIR)/Pods-Rappi Watch-Rappi WatchUITests-checkManifestLockResult.txt",
			);
			runOnlyForDeploymentPostprocessing = 0;
			shellPath = /bin/sh;
			shellScript = "diff \"${PODS_PODFILE_DIR_PATH}/Podfile.lock\" \"${PODS_ROOT}/Manifest.lock\" > /dev/null\nif [ $? != 0 ] ; then\n    # print error to STDERR\n    echo \"error: The sandbox is not in sync with the Podfile.lock. Run 'pod install' or update your CocoaPods installation.\" >&2\n    exit 1\nfi\n# This output is used by Xcode 'outputs' to avoid re-running this script phase.\necho \"SUCCESS\" > \"${SCRIPT_OUTPUT_FILE_0}\"\n";
			showEnvVarsInLog = 0;
		};
		278F398A0F7E6B84391E8E5D /* [CP] Embed Pods Frameworks */ = {
			isa = PBXShellScriptBuildPhase;
			buildActionMask = 2147483647;
			files = (
			);
			inputFileListPaths = (
				"${PODS_ROOT}/Target Support Files/Pods-Rappi Watch-Rappi WatchUITests/Pods-Rappi Watch-Rappi WatchUITests-frameworks-${CONFIGURATION}-input-files.xcfilelist",
			);
			name = "[CP] Embed Pods Frameworks";
			outputFileListPaths = (
				"${PODS_ROOT}/Target Support Files/Pods-Rappi Watch-Rappi WatchUITests/Pods-Rappi Watch-Rappi WatchUITests-frameworks-${CONFIGURATION}-output-files.xcfilelist",
			);
			runOnlyForDeploymentPostprocessing = 0;
			shellPath = /bin/sh;
			shellScript = "\"${PODS_ROOT}/Target Support Files/Pods-Rappi Watch-Rappi WatchUITests/Pods-Rappi Watch-Rappi WatchUITests-frameworks.sh\"\n";
			showEnvVarsInLog = 0;
		};
		3C418EBBF82857D07AE0302A /* [CP] Check Pods Manifest.lock */ = {
			isa = PBXShellScriptBuildPhase;
			buildActionMask = 2147483647;
			files = (
			);
			inputFileListPaths = (
			);
			inputPaths = (
				"${PODS_PODFILE_DIR_PATH}/Podfile.lock",
				"${PODS_ROOT}/Manifest.lock",
			);
			name = "[CP] Check Pods Manifest.lock";
			outputFileListPaths = (
			);
			outputPaths = (
				"$(DERIVED_FILE_DIR)/Pods-Rappi WatchTests-checkManifestLockResult.txt",
			);
			runOnlyForDeploymentPostprocessing = 0;
			shellPath = /bin/sh;
			shellScript = "diff \"${PODS_PODFILE_DIR_PATH}/Podfile.lock\" \"${PODS_ROOT}/Manifest.lock\" > /dev/null\nif [ $? != 0 ] ; then\n    # print error to STDERR\n    echo \"error: The sandbox is not in sync with the Podfile.lock. Run 'pod install' or update your CocoaPods installation.\" >&2\n    exit 1\nfi\n# This output is used by Xcode 'outputs' to avoid re-running this script phase.\necho \"SUCCESS\" > \"${SCRIPT_OUTPUT_FILE_0}\"\n";
			showEnvVarsInLog = 0;
		};
		965C36C42ACD43B63D962324 /* [CP] Check Pods Manifest.lock */ = {
			isa = PBXShellScriptBuildPhase;
			buildActionMask = 2147483647;
			files = (
			);
			inputFileListPaths = (
			);
			inputPaths = (
				"${PODS_PODFILE_DIR_PATH}/Podfile.lock",
				"${PODS_ROOT}/Manifest.lock",
			);
			name = "[CP] Check Pods Manifest.lock";
			outputFileListPaths = (
			);
			outputPaths = (
				"$(DERIVED_FILE_DIR)/Pods-Rappi Watch-checkManifestLockResult.txt",
			);
			runOnlyForDeploymentPostprocessing = 0;
			shellPath = /bin/sh;
			shellScript = "diff \"${PODS_PODFILE_DIR_PATH}/Podfile.lock\" \"${PODS_ROOT}/Manifest.lock\" > /dev/null\nif [ $? != 0 ] ; then\n    # print error to STDERR\n    echo \"error: The sandbox is not in sync with the Podfile.lock. Run 'pod install' or update your CocoaPods installation.\" >&2\n    exit 1\nfi\n# This output is used by Xcode 'outputs' to avoid re-running this script phase.\necho \"SUCCESS\" > \"${SCRIPT_OUTPUT_FILE_0}\"\n";
			showEnvVarsInLog = 0;
		};
		A5C6483BC798DA21EE9A9168 /* [CP] Embed Pods Frameworks */ = {
			isa = PBXShellScriptBuildPhase;
			buildActionMask = 2147483647;
			files = (
			);
			inputFileListPaths = (
				"${PODS_ROOT}/Target Support Files/Pods-Rappi Watch/Pods-Rappi Watch-frameworks-${CONFIGURATION}-input-files.xcfilelist",
			);
			name = "[CP] Embed Pods Frameworks";
			outputFileListPaths = (
				"${PODS_ROOT}/Target Support Files/Pods-Rappi Watch/Pods-Rappi Watch-frameworks-${CONFIGURATION}-output-files.xcfilelist",
			);
			runOnlyForDeploymentPostprocessing = 0;
			shellPath = /bin/sh;
			shellScript = "\"${PODS_ROOT}/Target Support Files/Pods-Rappi Watch/Pods-Rappi Watch-frameworks.sh\"\n";
			showEnvVarsInLog = 0;
		};
/* End PBXShellScriptBuildPhase section */

/* Begin PBXSourcesBuildPhase section */
		117799BB272AA72C000C9742 /* Sources */ = {
			isa = PBXSourcesBuildPhase;
			buildActionMask = 2147483647;
			files = (
				1192D217272BF96800CD6216 /* CreatorCard.swift in Sources */,
				1192D211272BECB800CD6216 /* TVSerieDetailsView.swift in Sources */,
				11779A33272AB6DC000C9742 /* Movie.swift in Sources */,
				1192D21B272C07A800CD6216 /* SeasonsView.swift in Sources */,
				1192D221272C0AD000CD6216 /* CountriesView.swift in Sources */,
				11779A43272AB85B000C9742 /* TVSerieDetail.swift in Sources */,
				11779A2B272AB556000C9742 /* RingView.swift in Sources */,
				115E4771273F4C630056A5DC /* PeopleStorage.swift in Sources */,
				11DACA36272AC83900AABAB8 /* HomeView.swift in Sources */,
				1105D0EF272D699F008559B4 /* LoadingView.swift in Sources */,
				113F7BDC272CBA12003BA1D9 /* ConfigurationManager.swift in Sources */,
				115E4774273F4E520056A5DC /* MovieQuery.swift in Sources */,
				11779A3F272AB7DF000C9742 /* AnalitycsView.swift in Sources */,
				115E4762273F0CF70056A5DC /* PeopleView.swift in Sources */,
				115E476C273F14F00056A5DC /* KnowForCard.swift in Sources */,
				113F7BE4272CD2AD003BA1D9 /* MovieViewModel.swift in Sources */,
				115E4766273F11DE0056A5DC /* PeopleDetailsView.swift in Sources */,
				1105D0F1272DA4F0008559B4 /* TVSerieRepository.swift in Sources */,
				11C9767E27304043008C566D /* ServerError.swift in Sources */,
				11B01AB627306C8500ECB838 /* TVSerieStorage.swift in Sources */,
				11779A26272AB500000C9742 /* CustomButton.swift in Sources */,
				115E476F273F18C80056A5DC /* LocalManager.swift in Sources */,
				113F7BD7272CB62C003BA1D9 /* HomeViewModel.swift in Sources */,
				11779A28272AB520000C9742 /* SideButtonsView.swift in Sources */,
				117799FC272AAEF3000C9742 /* LaunchScreenUI.swift in Sources */,
				11779A31272AB666000C9742 /* RootController.swift in Sources */,
				11779A35272AB6EC000C9742 /* MovieDetail.swift in Sources */,
				11779A05272AB047000C9742 /* BlurView.swift in Sources */,
				11779A3D272AB7BD000C9742 /* TopDetailsView.swift in Sources */,
				1192D219272BFE9700CD6216 /* TVSerieCard.swift in Sources */,
				11779A2F272AB610000C9742 /* BarChartView.swift in Sources */,
				115EAB8D273C7FD70010461E /* ScrollContentView.swift in Sources */,
				1192D21F272C088000CD6216 /* NetworksView.swift in Sources */,
				112B81C927318CE100D55F6A /* Intro.swift in Sources */,
				115E4769273F146F0056A5DC /* KnownForView.swift in Sources */,
				115E475E273F046F0056A5DC /* People.swift in Sources */,
				11779A00272AAF96000C9742 /* PageControl.swift in Sources */,
				11C9768327304B7F008C566D /* MovieStorage.swift in Sources */,
				11779A03272AB01C000C9742 /* Utils.swift in Sources */,
				11779A41272AB84F000C9742 /* TVSerie.swift in Sources */,
				1192D213272BF72E00CD6216 /* GenreCard.swift in Sources */,
				113F7BE9272CDC18003BA1D9 /* CountryCard.swift in Sources */,
				11779A21272AB499000C9742 /* CompanyCard.swift in Sources */,
				115E475C273ED32A0056A5DC /* ManageCategories.swift in Sources */,
				115EAB8F273C833B0010461E /* MoviesView.swift in Sources */,
				11779A24272AB4E1000C9742 /* HeaderView.swift in Sources */,
				11DACA38272AC94B00AABAB8 /* MovieCard.swift in Sources */,
				117799C3272AA72C000C9742 /* AppDelegate.swift in Sources */,
				1105D0ED272D6949008559B4 /* LottieView.swift in Sources */,
				11DACA34272AC7D800AABAB8 /* MovieDetailsView.swift in Sources */,
				115E4760273F0BD90056A5DC /* PeopleCard.swift in Sources */,
				11779A07272AB079000C9742 /* MeView.swift in Sources */,
				1105D0F4272DA5B2008559B4 /* TVSerieViewModel.swift in Sources */,
				113F7BE7272CD402003BA1D9 /* MovieRepository.swift in Sources */,
				117799FE272AAF46000C9742 /* OnboardingView.swift in Sources */,
				115EAB91273C83B30010461E /* TVSeriesView.swift in Sources */,
				115E4778273F4F310056A5DC /* ManageModels.swift in Sources */,
				11779A2D272AB5F3000C9742 /* RatingStartView.swift in Sources */,
				1192D215272BF7D900CD6216 /* SeasonCard.swift in Sources */,
				11779A3B272AB7A4000C9742 /* CompaniesView.swift in Sources */,
				113F7BD9272CB6A5003BA1D9 /* HomeRepository.swift in Sources */,
				113F7BD5272CA58B003BA1D9 /* ServerManager.swift in Sources */,
				1192D21D272C07E800CD6216 /* CreatorsView.swift in Sources */,
				113F7BDF272CBA41003BA1D9 /* ConfigReader.swift in Sources */,
				11D82FB6272EEDE1003BBDAD /* LoadMoreButton.swift in Sources */,
				11C9768027304415008C566D /* ReachabilityManager.swift in Sources */,
				117799C5272AA72C000C9742 /* SceneDelegate.swift in Sources */,
			);
			runOnlyForDeploymentPostprocessing = 0;
		};
		117799D1272AA72F000C9742 /* Sources */ = {
			isa = PBXSourcesBuildPhase;
			buildActionMask = 2147483647;
			files = (
				117799DA272AA730000C9742 /* Rappi_WatchTests.swift in Sources */,
			);
			runOnlyForDeploymentPostprocessing = 0;
		};
		117799DB272AA730000C9742 /* Sources */ = {
			isa = PBXSourcesBuildPhase;
			buildActionMask = 2147483647;
			files = (
				117799E4272AA730000C9742 /* Rappi_WatchUITests.swift in Sources */,
				117799E6272AA730000C9742 /* Rappi_WatchUITestsLaunchTests.swift in Sources */,
			);
			runOnlyForDeploymentPostprocessing = 0;
		};
/* End PBXSourcesBuildPhase section */

/* Begin PBXTargetDependency section */
		117799D7272AA72F000C9742 /* PBXTargetDependency */ = {
			isa = PBXTargetDependency;
			target = 117799BE272AA72C000C9742 /* Rappi Watch */;
			targetProxy = 117799D6272AA72F000C9742 /* PBXContainerItemProxy */;
		};
		117799E1272AA730000C9742 /* PBXTargetDependency */ = {
			isa = PBXTargetDependency;
			target = 117799BE272AA72C000C9742 /* Rappi Watch */;
			targetProxy = 117799E0272AA730000C9742 /* PBXContainerItemProxy */;
		};
/* End PBXTargetDependency section */

/* Begin PBXVariantGroup section */
		117799CD272AA72F000C9742 /* LaunchScreen.storyboard */ = {
			isa = PBXVariantGroup;
			children = (
				117799CE272AA72F000C9742 /* Base */,
			);
			name = LaunchScreen.storyboard;
			sourceTree = "<group>";
		};
/* End PBXVariantGroup section */

/* Begin XCBuildConfiguration section */
		117799E7272AA730000C9742 /* Debug */ = {
			isa = XCBuildConfiguration;
			buildSettings = {
				ALWAYS_SEARCH_USER_PATHS = NO;
				CLANG_ANALYZER_NONNULL = YES;
				CLANG_ANALYZER_NUMBER_OBJECT_CONVERSION = YES_AGGRESSIVE;
				CLANG_CXX_LANGUAGE_STANDARD = "gnu++17";
				CLANG_CXX_LIBRARY = "libc++";
				CLANG_ENABLE_MODULES = YES;
				CLANG_ENABLE_OBJC_ARC = YES;
				CLANG_ENABLE_OBJC_WEAK = YES;
				CLANG_WARN_BLOCK_CAPTURE_AUTORELEASING = YES;
				CLANG_WARN_BOOL_CONVERSION = YES;
				CLANG_WARN_COMMA = YES;
				CLANG_WARN_CONSTANT_CONVERSION = YES;
				CLANG_WARN_DEPRECATED_OBJC_IMPLEMENTATIONS = YES;
				CLANG_WARN_DIRECT_OBJC_ISA_USAGE = YES_ERROR;
				CLANG_WARN_DOCUMENTATION_COMMENTS = YES;
				CLANG_WARN_EMPTY_BODY = YES;
				CLANG_WARN_ENUM_CONVERSION = YES;
				CLANG_WARN_INFINITE_RECURSION = YES;
				CLANG_WARN_INT_CONVERSION = YES;
				CLANG_WARN_NON_LITERAL_NULL_CONVERSION = YES;
				CLANG_WARN_OBJC_IMPLICIT_RETAIN_SELF = YES;
				CLANG_WARN_OBJC_LITERAL_CONVERSION = YES;
				CLANG_WARN_OBJC_ROOT_CLASS = YES_ERROR;
				CLANG_WARN_QUOTED_INCLUDE_IN_FRAMEWORK_HEADER = YES;
				CLANG_WARN_RANGE_LOOP_ANALYSIS = YES;
				CLANG_WARN_STRICT_PROTOTYPES = YES;
				CLANG_WARN_SUSPICIOUS_MOVE = YES;
				CLANG_WARN_UNGUARDED_AVAILABILITY = YES_AGGRESSIVE;
				CLANG_WARN_UNREACHABLE_CODE = YES;
				CLANG_WARN__DUPLICATE_METHOD_MATCH = YES;
				COPY_PHASE_STRIP = NO;
				DEBUG_INFORMATION_FORMAT = dwarf;
				ENABLE_STRICT_OBJC_MSGSEND = YES;
				ENABLE_TESTABILITY = YES;
				GCC_C_LANGUAGE_STANDARD = gnu11;
				GCC_DYNAMIC_NO_PIC = NO;
				GCC_NO_COMMON_BLOCKS = YES;
				GCC_OPTIMIZATION_LEVEL = 0;
				GCC_PREPROCESSOR_DEFINITIONS = (
					"DEBUG=1",
					"$(inherited)",
				);
				GCC_WARN_64_TO_32_BIT_CONVERSION = YES;
				GCC_WARN_ABOUT_RETURN_TYPE = YES_ERROR;
				GCC_WARN_UNDECLARED_SELECTOR = YES;
				GCC_WARN_UNINITIALIZED_AUTOS = YES_AGGRESSIVE;
				GCC_WARN_UNUSED_FUNCTION = YES;
				GCC_WARN_UNUSED_VARIABLE = YES;
				IPHONEOS_DEPLOYMENT_TARGET = 15.0;
				MTL_ENABLE_DEBUG_INFO = INCLUDE_SOURCE;
				MTL_FAST_MATH = YES;
				ONLY_ACTIVE_ARCH = YES;
				SDKROOT = iphoneos;
				SWIFT_ACTIVE_COMPILATION_CONDITIONS = DEBUG;
				SWIFT_OPTIMIZATION_LEVEL = "-Onone";
			};
			name = Debug;
		};
		117799E8272AA730000C9742 /* Release */ = {
			isa = XCBuildConfiguration;
			buildSettings = {
				ALWAYS_SEARCH_USER_PATHS = NO;
				CLANG_ANALYZER_NONNULL = YES;
				CLANG_ANALYZER_NUMBER_OBJECT_CONVERSION = YES_AGGRESSIVE;
				CLANG_CXX_LANGUAGE_STANDARD = "gnu++17";
				CLANG_CXX_LIBRARY = "libc++";
				CLANG_ENABLE_MODULES = YES;
				CLANG_ENABLE_OBJC_ARC = YES;
				CLANG_ENABLE_OBJC_WEAK = YES;
				CLANG_WARN_BLOCK_CAPTURE_AUTORELEASING = YES;
				CLANG_WARN_BOOL_CONVERSION = YES;
				CLANG_WARN_COMMA = YES;
				CLANG_WARN_CONSTANT_CONVERSION = YES;
				CLANG_WARN_DEPRECATED_OBJC_IMPLEMENTATIONS = YES;
				CLANG_WARN_DIRECT_OBJC_ISA_USAGE = YES_ERROR;
				CLANG_WARN_DOCUMENTATION_COMMENTS = YES;
				CLANG_WARN_EMPTY_BODY = YES;
				CLANG_WARN_ENUM_CONVERSION = YES;
				CLANG_WARN_INFINITE_RECURSION = YES;
				CLANG_WARN_INT_CONVERSION = YES;
				CLANG_WARN_NON_LITERAL_NULL_CONVERSION = YES;
				CLANG_WARN_OBJC_IMPLICIT_RETAIN_SELF = YES;
				CLANG_WARN_OBJC_LITERAL_CONVERSION = YES;
				CLANG_WARN_OBJC_ROOT_CLASS = YES_ERROR;
				CLANG_WARN_QUOTED_INCLUDE_IN_FRAMEWORK_HEADER = YES;
				CLANG_WARN_RANGE_LOOP_ANALYSIS = YES;
				CLANG_WARN_STRICT_PROTOTYPES = YES;
				CLANG_WARN_SUSPICIOUS_MOVE = YES;
				CLANG_WARN_UNGUARDED_AVAILABILITY = YES_AGGRESSIVE;
				CLANG_WARN_UNREACHABLE_CODE = YES;
				CLANG_WARN__DUPLICATE_METHOD_MATCH = YES;
				COPY_PHASE_STRIP = NO;
				DEBUG_INFORMATION_FORMAT = "dwarf-with-dsym";
				ENABLE_NS_ASSERTIONS = NO;
				ENABLE_STRICT_OBJC_MSGSEND = YES;
				GCC_C_LANGUAGE_STANDARD = gnu11;
				GCC_NO_COMMON_BLOCKS = YES;
				GCC_WARN_64_TO_32_BIT_CONVERSION = YES;
				GCC_WARN_ABOUT_RETURN_TYPE = YES_ERROR;
				GCC_WARN_UNDECLARED_SELECTOR = YES;
				GCC_WARN_UNINITIALIZED_AUTOS = YES_AGGRESSIVE;
				GCC_WARN_UNUSED_FUNCTION = YES;
				GCC_WARN_UNUSED_VARIABLE = YES;
				IPHONEOS_DEPLOYMENT_TARGET = 15.0;
				MTL_ENABLE_DEBUG_INFO = NO;
				MTL_FAST_MATH = YES;
				SDKROOT = iphoneos;
				SWIFT_COMPILATION_MODE = wholemodule;
				SWIFT_OPTIMIZATION_LEVEL = "-O";
				VALIDATE_PRODUCT = YES;
			};
			name = Release;
		};
		117799EA272AA730000C9742 /* Debug */ = {
			isa = XCBuildConfiguration;
			baseConfigurationReference = 1C250A596132BC04C6DA4E53 /* Pods-Rappi Watch.debug.xcconfig */;
			buildSettings = {
				ASSETCATALOG_COMPILER_APPICON_NAME = AppIcon;
				ASSETCATALOG_COMPILER_GLOBAL_ACCENT_COLOR_NAME = AccentColor;
				CODE_SIGN_STYLE = Automatic;
				CURRENT_PROJECT_VERSION = 1;
				DEVELOPMENT_TEAM = ZASPB3G349;
				GENERATE_INFOPLIST_FILE = YES;
				INFOPLIST_FILE = "Rappi Watch/Info.plist";
				INFOPLIST_KEY_UIApplicationSupportsIndirectInputEvents = YES;
				INFOPLIST_KEY_UILaunchStoryboardName = LaunchScreen;
				INFOPLIST_KEY_UIMainStoryboardFile = LaunchScreen;
				INFOPLIST_KEY_UISupportedInterfaceOrientations = UIInterfaceOrientationPortrait;
				INFOPLIST_KEY_UISupportedInterfaceOrientations_iPad = UIInterfaceOrientationPortrait;
				INFOPLIST_KEY_UISupportedInterfaceOrientations_iPhone = UIInterfaceOrientationPortrait;
				IPHONEOS_DEPLOYMENT_TARGET = 14.0;
				LD_RUNPATH_SEARCH_PATHS = (
					"$(inherited)",
					"@executable_path/Frameworks",
				);
				MARKETING_VERSION = 1.0;
				PRODUCT_BUNDLE_IDENTIFIER = "com.fractalteam.Rappi-Watch";
				PRODUCT_NAME = "$(TARGET_NAME)";
				SWIFT_EMIT_LOC_STRINGS = YES;
				SWIFT_VERSION = 5.0;
				TARGETED_DEVICE_FAMILY = 1;
			};
			name = Debug;
		};
		117799EB272AA730000C9742 /* Release */ = {
			isa = XCBuildConfiguration;
			baseConfigurationReference = A85FB13A751C061E67236722 /* Pods-Rappi Watch.release.xcconfig */;
			buildSettings = {
				ASSETCATALOG_COMPILER_APPICON_NAME = AppIcon;
				ASSETCATALOG_COMPILER_GLOBAL_ACCENT_COLOR_NAME = AccentColor;
				CODE_SIGN_STYLE = Automatic;
				CURRENT_PROJECT_VERSION = 1;
				DEVELOPMENT_TEAM = ZASPB3G349;
				GENERATE_INFOPLIST_FILE = YES;
				INFOPLIST_FILE = "Rappi Watch/Info.plist";
				INFOPLIST_KEY_UIApplicationSupportsIndirectInputEvents = YES;
				INFOPLIST_KEY_UILaunchStoryboardName = LaunchScreen;
				INFOPLIST_KEY_UIMainStoryboardFile = LaunchScreen;
				INFOPLIST_KEY_UISupportedInterfaceOrientations = UIInterfaceOrientationPortrait;
				INFOPLIST_KEY_UISupportedInterfaceOrientations_iPad = UIInterfaceOrientationPortrait;
				INFOPLIST_KEY_UISupportedInterfaceOrientations_iPhone = UIInterfaceOrientationPortrait;
				IPHONEOS_DEPLOYMENT_TARGET = 14.0;
				LD_RUNPATH_SEARCH_PATHS = (
					"$(inherited)",
					"@executable_path/Frameworks",
				);
				MARKETING_VERSION = 1.0;
				PRODUCT_BUNDLE_IDENTIFIER = "com.fractalteam.Rappi-Watch";
				PRODUCT_NAME = "$(TARGET_NAME)";
				SWIFT_EMIT_LOC_STRINGS = YES;
				SWIFT_VERSION = 5.0;
				TARGETED_DEVICE_FAMILY = 1;
			};
			name = Release;
		};
		117799ED272AA730000C9742 /* Debug */ = {
			isa = XCBuildConfiguration;
			baseConfigurationReference = C38D29BF8E7EC4F8A1008FAD /* Pods-Rappi WatchTests.debug.xcconfig */;
			buildSettings = {
				ALWAYS_EMBED_SWIFT_STANDARD_LIBRARIES = YES;
				BUNDLE_LOADER = "$(TEST_HOST)";
				CODE_SIGN_STYLE = Automatic;
				CURRENT_PROJECT_VERSION = 1;
				DEVELOPMENT_TEAM = ZASPB3G349;
				GENERATE_INFOPLIST_FILE = YES;
				IPHONEOS_DEPLOYMENT_TARGET = 14.0;
				LD_RUNPATH_SEARCH_PATHS = (
					"$(inherited)",
					"@executable_path/Frameworks",
					"@loader_path/Frameworks",
				);
				MARKETING_VERSION = 1.0;
				PRODUCT_BUNDLE_IDENTIFIER = "com.fractalteam.Rappi-WatchTests";
				PRODUCT_NAME = "$(TARGET_NAME)";
				SWIFT_EMIT_LOC_STRINGS = NO;
				SWIFT_VERSION = 5.0;
				TARGETED_DEVICE_FAMILY = "1,2";
				TEST_HOST = "$(BUILT_PRODUCTS_DIR)/Rappi Watch.app/Rappi Watch";
			};
			name = Debug;
		};
		117799EE272AA730000C9742 /* Release */ = {
			isa = XCBuildConfiguration;
			baseConfigurationReference = 616977B042804615FA7E0140 /* Pods-Rappi WatchTests.release.xcconfig */;
			buildSettings = {
				ALWAYS_EMBED_SWIFT_STANDARD_LIBRARIES = YES;
				BUNDLE_LOADER = "$(TEST_HOST)";
				CODE_SIGN_STYLE = Automatic;
				CURRENT_PROJECT_VERSION = 1;
				DEVELOPMENT_TEAM = ZASPB3G349;
				GENERATE_INFOPLIST_FILE = YES;
				IPHONEOS_DEPLOYMENT_TARGET = 14.0;
				LD_RUNPATH_SEARCH_PATHS = (
					"$(inherited)",
					"@executable_path/Frameworks",
					"@loader_path/Frameworks",
				);
				MARKETING_VERSION = 1.0;
				PRODUCT_BUNDLE_IDENTIFIER = "com.fractalteam.Rappi-WatchTests";
				PRODUCT_NAME = "$(TARGET_NAME)";
				SWIFT_EMIT_LOC_STRINGS = NO;
				SWIFT_VERSION = 5.0;
				TARGETED_DEVICE_FAMILY = "1,2";
				TEST_HOST = "$(BUILT_PRODUCTS_DIR)/Rappi Watch.app/Rappi Watch";
			};
			name = Release;
		};
		117799F0272AA730000C9742 /* Debug */ = {
			isa = XCBuildConfiguration;
			baseConfigurationReference = 7E1F61A3DF8CE3195736DD89 /* Pods-Rappi Watch-Rappi WatchUITests.debug.xcconfig */;
			buildSettings = {
				ALWAYS_EMBED_SWIFT_STANDARD_LIBRARIES = YES;
				CODE_SIGN_STYLE = Automatic;
				CURRENT_PROJECT_VERSION = 1;
				DEVELOPMENT_TEAM = ZASPB3G349;
				GENERATE_INFOPLIST_FILE = YES;
				IPHONEOS_DEPLOYMENT_TARGET = 14.0;
				LD_RUNPATH_SEARCH_PATHS = (
					"$(inherited)",
					"@executable_path/Frameworks",
					"@loader_path/Frameworks",
				);
				MARKETING_VERSION = 1.0;
				PRODUCT_BUNDLE_IDENTIFIER = "com.fractalteam.Rappi-WatchUITests";
				PRODUCT_NAME = "$(TARGET_NAME)";
				SWIFT_EMIT_LOC_STRINGS = NO;
				SWIFT_VERSION = 5.0;
				TARGETED_DEVICE_FAMILY = "1,2";
				TEST_TARGET_NAME = "Rappi Watch";
			};
			name = Debug;
		};
		117799F1272AA730000C9742 /* Release */ = {
			isa = XCBuildConfiguration;
			baseConfigurationReference = 8D7EF6434871CE72C653B903 /* Pods-Rappi Watch-Rappi WatchUITests.release.xcconfig */;
			buildSettings = {
				ALWAYS_EMBED_SWIFT_STANDARD_LIBRARIES = YES;
				CODE_SIGN_STYLE = Automatic;
				CURRENT_PROJECT_VERSION = 1;
				DEVELOPMENT_TEAM = ZASPB3G349;
				GENERATE_INFOPLIST_FILE = YES;
				IPHONEOS_DEPLOYMENT_TARGET = 14.0;
				LD_RUNPATH_SEARCH_PATHS = (
					"$(inherited)",
					"@executable_path/Frameworks",
					"@loader_path/Frameworks",
				);
				MARKETING_VERSION = 1.0;
				PRODUCT_BUNDLE_IDENTIFIER = "com.fractalteam.Rappi-WatchUITests";
				PRODUCT_NAME = "$(TARGET_NAME)";
				SWIFT_EMIT_LOC_STRINGS = NO;
				SWIFT_VERSION = 5.0;
				TARGETED_DEVICE_FAMILY = "1,2";
				TEST_TARGET_NAME = "Rappi Watch";
			};
			name = Release;
		};
/* End XCBuildConfiguration section */

/* Begin XCConfigurationList section */
		117799BA272AA72C000C9742 /* Build configuration list for PBXProject "Rappi Watch" */ = {
			isa = XCConfigurationList;
			buildConfigurations = (
				117799E7272AA730000C9742 /* Debug */,
				117799E8272AA730000C9742 /* Release */,
			);
			defaultConfigurationIsVisible = 0;
			defaultConfigurationName = Release;
		};
		117799E9272AA730000C9742 /* Build configuration list for PBXNativeTarget "Rappi Watch" */ = {
			isa = XCConfigurationList;
			buildConfigurations = (
				117799EA272AA730000C9742 /* Debug */,
				117799EB272AA730000C9742 /* Release */,
			);
			defaultConfigurationIsVisible = 0;
			defaultConfigurationName = Release;
		};
		117799EC272AA730000C9742 /* Build configuration list for PBXNativeTarget "Rappi WatchTests" */ = {
			isa = XCConfigurationList;
			buildConfigurations = (
				117799ED272AA730000C9742 /* Debug */,
				117799EE272AA730000C9742 /* Release */,
			);
			defaultConfigurationIsVisible = 0;
			defaultConfigurationName = Release;
		};
		117799EF272AA730000C9742 /* Build configuration list for PBXNativeTarget "Rappi WatchUITests" */ = {
			isa = XCConfigurationList;
			buildConfigurations = (
				117799F0272AA730000C9742 /* Debug */,
				117799F1272AA730000C9742 /* Release */,
			);
			defaultConfigurationIsVisible = 0;
			defaultConfigurationName = Release;
		};
/* End XCConfigurationList section */
	};
	rootObject = 117799B7272AA72C000C9742 /* Project object */;
}
